
Microsoft Visual Studio Solution File, Format Version 12.00
# Visual Studio Version 17
VisualStudioVersion = 17.9.34728.123
MinimumVisualStudioVersion = 10.0.40219.1
Project("{2150E333-8FDC-42A3-9474-1A3956D46DE8}") = "Parte 1", "Parte 1", "{70BC347E-25CB-46C5-8234-36E9D13AE6F5}"
EndProject
Project("{2150E333-8FDC-42A3-9474-1A3956D46DE8}") = "Caso 1", "Caso 1", "{DC850318-89EA-4D42-A4E9-65595D71CE3E}"
EndProject
Project("{2150E333-8FDC-42A3-9474-1A3956D46DE8}") = "Caso 2", "Caso 2", "{CAA1469D-679F-4B06-9C1C-BCD6958DDC18}"
EndProject
Project("{2150E333-8FDC-42A3-9474-1A3956D46DE8}") = "Parte 2", "Parte 2", "{C512DC01-81BC-4295-8BB0-598943A31317}"
EndProject
Project("{2150E333-8FDC-42A3-9474-1A3956D46DE8}") = "Caso 3", "Caso 3", "{5A9A5540-F18D-4087-8D64-18FB49737BB3}"
EndProject
Project("{2150E333-8FDC-42A3-9474-1A3956D46DE8}") = "API", "API", "{8BB87333-4C24-4569-BD24-F141A2CE886E}"
EndProject
Project("{2150E333-8FDC-42A3-9474-1A3956D46DE8}") = "Domain", "Domain", "{F4712FC7-DD2B-4872-9CB5-EB119BF5E314}"
EndProject
Project("{2150E333-8FDC-42A3-9474-1A3956D46DE8}") = "Infrastructure", "Infrastructure", "{496D2291-8A17-40F2-A961-5EF7392C6C55}"
EndProject
Project("{2150E333-8FDC-42A3-9474-1A3956D46DE8}") = "Application", "Application", "{B8AAA2E5-9464-4AB1-BE26-141B4090C6CF}"
EndProject
Project("{9A19103F-16F7-4668-BE54-9A1E7A4F7556}") = "RealPlaza.Infrastructure", "Caso 3\RealPlaza.Infrastructure\RealPlaza.Infrastructure.csproj", "{47132E26-2808-4784-862D-DB93F6931507}"
EndProject
Project("{9A19103F-16F7-4668-BE54-9A1E7A4F7556}") = "RealPlaza.Domain", "Caso 3\RealPlaza.Domain\RealPlaza.Domain.csproj", "{4CC2BC89-AE15-43E8-AB1F-6D0088BADD29}"
EndProject
Project("{9A19103F-16F7-4668-BE54-9A1E7A4F7556}") = "OrderRange", "Caso 1\OrderRange\OrderRange.csproj", "{13DAA17A-30B1-4FB0-828B-C716E48AF11E}"
EndProject
Project("{9A19103F-16F7-4668-BE54-9A1E7A4F7556}") = "MoneyParts", "Caso 2\MoneyParts\MoneyParts.csproj", "{144D85CE-5215-4275-808E-C17D9FD73C58}"
EndProject
Project("{9A19103F-16F7-4668-BE54-9A1E7A4F7556}") = "RealPlaza.Application", "Caso 3\RealPlaza.Application\RealPlaza.Application.csproj", "{A4143941-46FD-4269-AFDE-AE5E4DA26FC4}"
EndProject
Project("{9A19103F-16F7-4668-BE54-9A1E7A4F7556}") = "RealPlaza.API", "Caso 3\RealPlaza.API\RealPlaza.API.csproj", "{0BFA2FB1-C85F-4612-A610-31F8777E92C9}"
EndProject
Project("{2150E333-8FDC-42A3-9474-1A3956D46DE8}") = "Script", "Script", "{785F82B0-A245-416C-8B3B-486AC8BE4C11}"
	ProjectSection(SolutionItems) = preProject
		Script.sql = Script.sql
	EndProjectSection
EndProject
Global
	GlobalSection(SolutionConfigurationPlatforms) = preSolution
		Debug|Any CPU = Debug|Any CPU
		Release|Any CPU = Release|Any CPU
	EndGlobalSection
	GlobalSection(ProjectConfigurationPlatforms) = postSolution
		{47132E26-2808-4784-862D-DB93F6931507}.Debug|Any CPU.ActiveCfg = Debug|Any CPU
		{47132E26-2808-4784-862D-DB93F6931507}.Debug|Any CPU.Build.0 = Debug|Any CPU
		{47132E26-2808-4784-862D-DB93F6931507}.Release|Any CPU.ActiveCfg = Release|Any CPU
		{47132E26-2808-4784-862D-DB93F6931507}.Release|Any CPU.Build.0 = Release|Any CPU
		{4CC2BC89-AE15-43E8-AB1F-6D0088BADD29}.Debug|Any CPU.ActiveCfg = Debug|Any CPU
		{4CC2BC89-AE15-43E8-AB1F-6D0088BADD29}.Debug|Any CPU.Build.0 = Debug|Any CPU
		{4CC2BC89-AE15-43E8-AB1F-6D0088BADD29}.Release|Any CPU.ActiveCfg = Release|Any CPU
		{4CC2BC89-AE15-43E8-AB1F-6D0088BADD29}.Release|Any CPU.Build.0 = Release|Any CPU
		{13DAA17A-30B1-4FB0-828B-C716E48AF11E}.Debug|Any CPU.ActiveCfg = Debug|Any CPU
		{13DAA17A-30B1-4FB0-828B-C716E48AF11E}.Debug|Any CPU.Build.0 = Debug|Any CPU
		{13DAA17A-30B1-4FB0-828B-C716E48AF11E}.Release|Any CPU.ActiveCfg = Release|Any CPU
		{13DAA17A-30B1-4FB0-828B-C716E48AF11E}.Release|Any CPU.Build.0 = Release|Any CPU
		{144D85CE-5215-4275-808E-C17D9FD73C58}.Debug|Any CPU.ActiveCfg = Debug|Any CPU
		{144D85CE-5215-4275-808E-C17D9FD73C58}.Debug|Any CPU.Build.0 = Debug|Any CPU
		{144D85CE-5215-4275-808E-C17D9FD73C58}.Release|Any CPU.ActiveCfg = Release|Any CPU
		{144D85CE-5215-4275-808E-C17D9FD73C58}.Release|Any CPU.Build.0 = Release|Any CPU
		{A4143941-46FD-4269-AFDE-AE5E4DA26FC4}.Debug|Any CPU.ActiveCfg = Debug|Any CPU
		{A4143941-46FD-4269-AFDE-AE5E4DA26FC4}.Debug|Any CPU.Build.0 = Debug|Any CPU
		{A4143941-46FD-4269-AFDE-AE5E4DA26FC4}.Release|Any CPU.ActiveCfg = Release|Any CPU
		{A4143941-46FD-4269-AFDE-AE5E4DA26FC4}.Release|Any CPU.Build.0 = Release|Any CPU
		{0BFA2FB1-C85F-4612-A610-31F8777E92C9}.Debug|Any CPU.ActiveCfg = Debug|Any CPU
		{0BFA2FB1-C85F-4612-A610-31F8777E92C9}.Debug|Any CPU.Build.0 = Debug|Any CPU
		{0BFA2FB1-C85F-4612-A610-31F8777E92C9}.Release|Any CPU.ActiveCfg = Release|Any CPU
		{0BFA2FB1-C85F-4612-A610-31F8777E92C9}.Release|Any CPU.Build.0 = Release|Any CPU
	EndGlobalSection
	GlobalSection(SolutionProperties) = preSolution
		HideSolutionNode = FALSE
	EndGlobalSection
	GlobalSection(NestedProjects) = preSolution
		{DC850318-89EA-4D42-A4E9-65595D71CE3E} = {70BC347E-25CB-46C5-8234-36E9D13AE6F5}
		{CAA1469D-679F-4B06-9C1C-BCD6958DDC18} = {70BC347E-25CB-46C5-8234-36E9D13AE6F5}
		{5A9A5540-F18D-4087-8D64-18FB49737BB3} = {C512DC01-81BC-4295-8BB0-598943A31317}
		{8BB87333-4C24-4569-BD24-F141A2CE886E} = {5A9A5540-F18D-4087-8D64-18FB49737BB3}
		{F4712FC7-DD2B-4872-9CB5-EB119BF5E314} = {5A9A5540-F18D-4087-8D64-18FB49737BB3}
		{496D2291-8A17-40F2-A961-5EF7392C6C55} = {5A9A5540-F18D-4087-8D64-18FB49737BB3}
		{B8AAA2E5-9464-4AB1-BE26-141B4090C6CF} = {5A9A5540-F18D-4087-8D64-18FB49737BB3}
		{47132E26-2808-4784-862D-DB93F6931507} = {496D2291-8A17-40F2-A961-5EF7392C6C55}
		{4CC2BC89-AE15-43E8-AB1F-6D0088BADD29} = {F4712FC7-DD2B-4872-9CB5-EB119BF5E314}
		{13DAA17A-30B1-4FB0-828B-C716E48AF11E} = {DC850318-89EA-4D42-A4E9-65595D71CE3E}
		{144D85CE-5215-4275-808E-C17D9FD73C58} = {CAA1469D-679F-4B06-9C1C-BCD6958DDC18}
		{A4143941-46FD-4269-AFDE-AE5E4DA26FC4} = {B8AAA2E5-9464-4AB1-BE26-141B4090C6CF}
		{0BFA2FB1-C85F-4612-A610-31F8777E92C9} = {8BB87333-4C24-4569-BD24-F141A2CE886E}
	EndGlobalSection
	GlobalSection(ExtensibilityGlobals) = postSolution
		SolutionGuid = {589D28C7-DE65-47D9-A083-468F7482BB68}
	EndGlobalSection
EndGlobal
